// !$*UTF8*$!
{
	archiveVersion = 1;
	classes = {
	};
	objectVersion = 55;
	objects = {

/* Begin PBXBuildFile section */
		132D3AEC273B4F2200E7E492 /* FootnoteView.swift in Sources */ = {isa = PBXBuildFile; fileRef = 132D3AEB273B4F2200E7E492 /* FootnoteView.swift */; };
		132D3AEE273B50C600E7E492 /* BackButtonView.swift in Sources */ = {isa = PBXBuildFile; fileRef = 132D3AED273B50C600E7E492 /* BackButtonView.swift */; };
		132D3AF1273B54CB00E7E492 /* AboutTheMovieView.swift in Sources */ = {isa = PBXBuildFile; fileRef = 132D3AF0273B54CB00E7E492 /* AboutTheMovieView.swift */; };
		132D3AF4273B626400E7E492 /* TitleView.swift in Sources */ = {isa = PBXBuildFile; fileRef = 132D3AF3273B626400E7E492 /* TitleView.swift */; };
		132D3AF6273B62E000E7E492 /* HeartButtonView.swift in Sources */ = {isa = PBXBuildFile; fileRef = 132D3AF5273B62E000E7E492 /* HeartButtonView.swift */; };
		134E51A7273B06CC00F1212A /* desafioMoviesTMDBApp.swift in Sources */ = {isa = PBXBuildFile; fileRef = 134E51A6273B06CC00F1212A /* desafioMoviesTMDBApp.swift */; };
		134E51A9273B06CC00F1212A /* MainView.swift in Sources */ = {isa = PBXBuildFile; fileRef = 134E51A8273B06CC00F1212A /* MainView.swift */; };
		134E51AB273B06D800F1212A /* Assets.xcassets in Resources */ = {isa = PBXBuildFile; fileRef = 134E51AA273B06D800F1212A /* Assets.xcassets */; };
		134E51AE273B06D800F1212A /* Preview Assets.xcassets in Resources */ = {isa = PBXBuildFile; fileRef = 134E51AD273B06D800F1212A /* Preview Assets.xcassets */; };
		134E51D7273B0B2B00F1212A /* MoviePosterView.swift in Sources */ = {isa = PBXBuildFile; fileRef = 134E51D6273B0B2B00F1212A /* MoviePosterView.swift */; };
		134E51D9273B0E0900F1212A /* LikeButtonView.swift in Sources */ = {isa = PBXBuildFile; fileRef = 134E51D8273B0E0900F1212A /* LikeButtonView.swift */; };
		134E51DB273B106800F1212A /* AddListButtonView.swift in Sources */ = {isa = PBXBuildFile; fileRef = 134E51DA273B106800F1212A /* AddListButtonView.swift */; };
		13EEBECC273DEC9E00302A83 /* ProgressViewScreen.swift in Sources */ = {isa = PBXBuildFile; fileRef = 13EEBECB273DEC9E00302A83 /* ProgressViewScreen.swift */; };
		13FFC3ED273BD63300CBA4E2 /* LikesView.swift in Sources */ = {isa = PBXBuildFile; fileRef = 13FFC3EC273BD63300CBA4E2 /* LikesView.swift */; };
		13FFC3EF273BD67A00CBA4E2 /* WatchedView.swift in Sources */ = {isa = PBXBuildFile; fileRef = 13FFC3EE273BD67A00CBA4E2 /* WatchedView.swift */; };
		13FFC3F3273BE95E00CBA4E2 /* MoviesListView.swift in Sources */ = {isa = PBXBuildFile; fileRef = 13FFC3F2273BE95E00CBA4E2 /* MoviesListView.swift */; };
		13FFC3F7273BEFC200CBA4E2 /* PosterView.swift in Sources */ = {isa = PBXBuildFile; fileRef = 13FFC3F6273BEFC200CBA4E2 /* PosterView.swift */; };
		13FFC3FA273BF24000CBA4E2 /* MovieTitleView.swift in Sources */ = {isa = PBXBuildFile; fileRef = 13FFC3F9273BF24000CBA4E2 /* MovieTitleView.swift */; };
		13FFC3FC273BF2E000CBA4E2 /* ReleaseYearAndGenreView.swift in Sources */ = {isa = PBXBuildFile; fileRef = 13FFC3FB273BF2E000CBA4E2 /* ReleaseYearAndGenreView.swift */; };
		13FFC400273C15F400CBA4E2 /* APIMovieDetails.swift in Sources */ = {isa = PBXBuildFile; fileRef = 13FFC3FF273C15F400CBA4E2 /* APIMovieDetails.swift */; };
		13FFC402273C162000CBA4E2 /* APIMoviesList.swift in Sources */ = {isa = PBXBuildFile; fileRef = 13FFC401273C162000CBA4E2 /* APIMoviesList.swift */; };
		13FFC404273C166D00CBA4E2 /* MovieDetailsModel.swift in Sources */ = {isa = PBXBuildFile; fileRef = 13FFC403273C166D00CBA4E2 /* MovieDetailsModel.swift */; };
		13FFC406273C16F700CBA4E2 /* MovieListItemModel.swift in Sources */ = {isa = PBXBuildFile; fileRef = 13FFC405273C16F700CBA4E2 /* MovieListItemModel.swift */; };
		13FFC408273C17D600CBA4E2 /* MovieListModel.swift in Sources */ = {isa = PBXBuildFile; fileRef = 13FFC407273C17D600CBA4E2 /* MovieListModel.swift */; };
		13FFC40A273C19C000CBA4E2 /* MovieViewModel.swift in Sources */ = {isa = PBXBuildFile; fileRef = 13FFC409273C19C000CBA4E2 /* MovieViewModel.swift */; };
		13FFC40F273C435300CBA4E2 /* ShadowView.swift in Sources */ = {isa = PBXBuildFile; fileRef = 13FFC40E273C435300CBA4E2 /* ShadowView.swift */; };
		13FFC411273C8B9B00CBA4E2 /* APIKey.swift in Sources */ = {isa = PBXBuildFile; fileRef = 13FFC410273C8B9B00CBA4E2 /* APIKey.swift */; };
/* End PBXBuildFile section */

/* Begin PBXFileReference section */
		132D3AEB273B4F2200E7E492 /* FootnoteView.swift */ = {isa = PBXFileReference; lastKnownFileType = sourcecode.swift; path = FootnoteView.swift; sourceTree = "<group>"; };
		132D3AED273B50C600E7E492 /* BackButtonView.swift */ = {isa = PBXFileReference; lastKnownFileType = sourcecode.swift; path = BackButtonView.swift; sourceTree = "<group>"; };
		132D3AF0273B54CB00E7E492 /* AboutTheMovieView.swift */ = {isa = PBXFileReference; lastKnownFileType = sourcecode.swift; path = AboutTheMovieView.swift; sourceTree = "<group>"; };
		132D3AF3273B626400E7E492 /* TitleView.swift */ = {isa = PBXFileReference; lastKnownFileType = sourcecode.swift; path = TitleView.swift; sourceTree = "<group>"; };
		132D3AF5273B62E000E7E492 /* HeartButtonView.swift */ = {isa = PBXFileReference; lastKnownFileType = sourcecode.swift; path = HeartButtonView.swift; sourceTree = "<group>"; };
		134E51A3273B06CC00F1212A /* desafioMoviesTMDB.app */ = {isa = PBXFileReference; explicitFileType = wrapper.application; includeInIndex = 0; path = desafioMoviesTMDB.app; sourceTree = BUILT_PRODUCTS_DIR; };
		134E51A6273B06CC00F1212A /* desafioMoviesTMDBApp.swift */ = {isa = PBXFileReference; lastKnownFileType = sourcecode.swift; path = desafioMoviesTMDBApp.swift; sourceTree = "<group>"; };
		134E51A8273B06CC00F1212A /* MainView.swift */ = {isa = PBXFileReference; lastKnownFileType = sourcecode.swift; path = MainView.swift; sourceTree = "<group>"; };
		134E51AA273B06D800F1212A /* Assets.xcassets */ = {isa = PBXFileReference; lastKnownFileType = folder.assetcatalog; path = Assets.xcassets; sourceTree = "<group>"; };
		134E51AD273B06D800F1212A /* Preview Assets.xcassets */ = {isa = PBXFileReference; lastKnownFileType = folder.assetcatalog; path = "Preview Assets.xcassets"; sourceTree = "<group>"; };
		134E51D6273B0B2B00F1212A /* MoviePosterView.swift */ = {isa = PBXFileReference; lastKnownFileType = sourcecode.swift; path = MoviePosterView.swift; sourceTree = "<group>"; };
		134E51D8273B0E0900F1212A /* LikeButtonView.swift */ = {isa = PBXFileReference; lastKnownFileType = sourcecode.swift; path = LikeButtonView.swift; sourceTree = "<group>"; };
		134E51DA273B106800F1212A /* AddListButtonView.swift */ = {isa = PBXFileReference; lastKnownFileType = sourcecode.swift; path = AddListButtonView.swift; sourceTree = "<group>"; };
		13EEBECB273DEC9E00302A83 /* ProgressViewScreen.swift */ = {isa = PBXFileReference; lastKnownFileType = sourcecode.swift; path = ProgressViewScreen.swift; sourceTree = "<group>"; };
		13FFC3EC273BD63300CBA4E2 /* LikesView.swift */ = {isa = PBXFileReference; lastKnownFileType = sourcecode.swift; path = LikesView.swift; sourceTree = "<group>"; };
		13FFC3EE273BD67A00CBA4E2 /* WatchedView.swift */ = {isa = PBXFileReference; lastKnownFileType = sourcecode.swift; path = WatchedView.swift; sourceTree = "<group>"; };
		13FFC3F2273BE95E00CBA4E2 /* MoviesListView.swift */ = {isa = PBXFileReference; lastKnownFileType = sourcecode.swift; path = MoviesListView.swift; sourceTree = "<group>"; };
		13FFC3F6273BEFC200CBA4E2 /* PosterView.swift */ = {isa = PBXFileReference; lastKnownFileType = sourcecode.swift; path = PosterView.swift; sourceTree = "<group>"; };
		13FFC3F9273BF24000CBA4E2 /* MovieTitleView.swift */ = {isa = PBXFileReference; lastKnownFileType = sourcecode.swift; path = MovieTitleView.swift; sourceTree = "<group>"; };
		13FFC3FB273BF2E000CBA4E2 /* ReleaseYearAndGenreView.swift */ = {isa = PBXFileReference; lastKnownFileType = sourcecode.swift; path = ReleaseYearAndGenreView.swift; sourceTree = "<group>"; };
		13FFC3FF273C15F400CBA4E2 /* APIMovieDetails.swift */ = {isa = PBXFileReference; lastKnownFileType = sourcecode.swift; path = APIMovieDetails.swift; sourceTree = "<group>"; };
		13FFC401273C162000CBA4E2 /* APIMoviesList.swift */ = {isa = PBXFileReference; lastKnownFileType = sourcecode.swift; path = APIMoviesList.swift; sourceTree = "<group>"; };
		13FFC403273C166D00CBA4E2 /* MovieDetailsModel.swift */ = {isa = PBXFileReference; lastKnownFileType = sourcecode.swift; path = MovieDetailsModel.swift; sourceTree = "<group>"; };
		13FFC405273C16F700CBA4E2 /* MovieListItemModel.swift */ = {isa = PBXFileReference; lastKnownFileType = sourcecode.swift; path = MovieListItemModel.swift; sourceTree = "<group>"; };
		13FFC407273C17D600CBA4E2 /* MovieListModel.swift */ = {isa = PBXFileReference; lastKnownFileType = sourcecode.swift; path = MovieListModel.swift; sourceTree = "<group>"; };
		13FFC409273C19C000CBA4E2 /* MovieViewModel.swift */ = {isa = PBXFileReference; lastKnownFileType = sourcecode.swift; path = MovieViewModel.swift; sourceTree = "<group>"; };
		13FFC40E273C435300CBA4E2 /* ShadowView.swift */ = {isa = PBXFileReference; lastKnownFileType = sourcecode.swift; path = ShadowView.swift; sourceTree = "<group>"; };
		13FFC410273C8B9B00CBA4E2 /* APIKey.swift */ = {isa = PBXFileReference; lastKnownFileType = sourcecode.swift; path = APIKey.swift; sourceTree = "<group>"; };
/* End PBXFileReference section */

/* Begin PBXFrameworksBuildPhase section */
		134E51A0273B06CC00F1212A /* Frameworks */ = {
			isa = PBXFrameworksBuildPhase;
			buildActionMask = 2147483647;
			files = (
			);
			runOnlyForDeploymentPostprocessing = 0;
		};
/* End PBXFrameworksBuildPhase section */

/* Begin PBXGroup section */
		132D3AF2273B5FDE00E7E492 /* AboutTheMovieView */ = {
			isa = PBXGroup;
			children = (
				13FFC3F0273BD82800CBA4E2 /* Components */,
				132D3AF0273B54CB00E7E492 /* AboutTheMovieView.swift */,
			);
			path = AboutTheMovieView;
			sourceTree = "<group>";
		};
		134E519A273B06CC00F1212A = {
			isa = PBXGroup;
			children = (
				134E51A5273B06CC00F1212A /* desafioMoviesTMDB */,
				134E51A4273B06CC00F1212A /* Products */,
			);
			sourceTree = "<group>";
		};
		134E51A4273B06CC00F1212A /* Products */ = {
			isa = PBXGroup;
			children = (
				134E51A3273B06CC00F1212A /* desafioMoviesTMDB.app */,
			);
			name = Products;
			sourceTree = "<group>";
		};
		134E51A5273B06CC00F1212A /* desafioMoviesTMDB */ = {
			isa = PBXGroup;
			children = (
				134E51D1273B079A00F1212A /* App */,
				134E51D0273B077600F1212A /* Resources */,
				134E51D2273B07F000F1212A /* Models */,
				134E51D4273B080A00F1212A /* Views */,
				134E51D3273B07FD00F1212A /* ViewModels */,
				134E51D5273B087900F1212A /* Network */,
			);
			path = desafioMoviesTMDB;
			sourceTree = "<group>";
		};
		134E51AC273B06D800F1212A /* Preview Content */ = {
			isa = PBXGroup;
			children = (
				134E51AD273B06D800F1212A /* Preview Assets.xcassets */,
			);
			path = "Preview Content";
			sourceTree = "<group>";
		};
		134E51D0273B077600F1212A /* Resources */ = {
			isa = PBXGroup;
			children = (
				134E51AA273B06D800F1212A /* Assets.xcassets */,
				134E51AC273B06D800F1212A /* Preview Content */,
			);
			path = Resources;
			sourceTree = "<group>";
		};
		134E51D1273B079A00F1212A /* App */ = {
			isa = PBXGroup;
			children = (
				134E51A6273B06CC00F1212A /* desafioMoviesTMDBApp.swift */,
			);
			path = App;
			sourceTree = "<group>";
		};
		134E51D2273B07F000F1212A /* Models */ = {
			isa = PBXGroup;
			children = (
				13FFC403273C166D00CBA4E2 /* MovieDetailsModel.swift */,
				13FFC405273C16F700CBA4E2 /* MovieListItemModel.swift */,
				13FFC407273C17D600CBA4E2 /* MovieListModel.swift */,
			);
			path = Models;
			sourceTree = "<group>";
		};
		134E51D3273B07FD00F1212A /* ViewModels */ = {
			isa = PBXGroup;
			children = (
				13FFC409273C19C000CBA4E2 /* MovieViewModel.swift */,
			);
			path = ViewModels;
			sourceTree = "<group>";
		};
		134E51D4273B080A00F1212A /* Views */ = {
			isa = PBXGroup;
			children = (
				13D5569A273DEA7900F80F50 /* MainView */,
			);
			path = Views;
			sourceTree = "<group>";
		};
		134E51D5273B087900F1212A /* Network */ = {
			isa = PBXGroup;
			children = (
				13FFC412273C8CFA00CBA4E2 /* APIKey */,
				13FFC3FE273C15C400CBA4E2 /* Models */,
			);
			path = Network;
			sourceTree = "<group>";
		};
		13D5569A273DEA7900F80F50 /* MainView */ = {
			isa = PBXGroup;
			children = (
				13D5569B273DEA8400F80F50 /* Components */,
				134E51A8273B06CC00F1212A /* MainView.swift */,
			);
			path = MainView;
			sourceTree = "<group>";
		};
		13D5569B273DEA8400F80F50 /* Components */ = {
			isa = PBXGroup;
			children = (
				134E51D6273B0B2B00F1212A /* MoviePosterView.swift */,
				132D3AEB273B4F2200E7E492 /* FootnoteView.swift */,
				132D3AF2273B5FDE00E7E492 /* AboutTheMovieView */,
				13FFC3F1273BE93300CBA4E2 /* MoviesListView */,
				13EEBECB273DEC9E00302A83 /* ProgressViewScreen.swift */,
			);
			path = Components;
			sourceTree = "<group>";
		};
		13FFC3F0273BD82800CBA4E2 /* Components */ = {
			isa = PBXGroup;
			children = (
				132D3AF3273B626400E7E492 /* TitleView.swift */,
				132D3AF5273B62E000E7E492 /* HeartButtonView.swift */,
				13FFC3EC273BD63300CBA4E2 /* LikesView.swift */,
				13FFC3EE273BD67A00CBA4E2 /* WatchedView.swift */,
				13FFC40E273C435300CBA4E2 /* ShadowView.swift */,
			);
			path = Components;
			sourceTree = "<group>";
		};
		13FFC3F1273BE93300CBA4E2 /* MoviesListView */ = {
			isa = PBXGroup;
			children = (
				13FFC3F8273BEFC900CBA4E2 /* Components */,
				134E51D8273B0E0900F1212A /* LikeButtonView.swift */,
				134E51DA273B106800F1212A /* AddListButtonView.swift */,
				132D3AED273B50C600E7E492 /* BackButtonView.swift */,
				13FFC3F2273BE95E00CBA4E2 /* MoviesListView.swift */,
			);
			path = MoviesListView;
			sourceTree = "<group>";
		};
		13FFC3F8273BEFC900CBA4E2 /* Components */ = {
			isa = PBXGroup;
			children = (
				13FFC3F6273BEFC200CBA4E2 /* PosterView.swift */,
				13FFC3F9273BF24000CBA4E2 /* MovieTitleView.swift */,
				13FFC3FB273BF2E000CBA4E2 /* ReleaseYearAndGenreView.swift */,
			);
			path = Components;
			sourceTree = "<group>";
		};
		13FFC3FE273C15C400CBA4E2 /* Models */ = {
			isa = PBXGroup;
			children = (
				13FFC3FF273C15F400CBA4E2 /* APIMovieDetails.swift */,
				13FFC401273C162000CBA4E2 /* APIMoviesList.swift */,
			);
			path = Models;
			sourceTree = "<group>";
		};
		13FFC412273C8CFA00CBA4E2 /* APIKey */ = {
			isa = PBXGroup;
			children = (
				13FFC410273C8B9B00CBA4E2 /* APIKey.swift */,
			);
			path = APIKey;
			sourceTree = "<group>";
		};
/* End PBXGroup section */

/* Begin PBXNativeTarget section */
		134E51A2273B06CC00F1212A /* desafioMoviesTMDB */ = {
			isa = PBXNativeTarget;
			buildConfigurationList = 134E51C7273B06D900F1212A /* Build configuration list for PBXNativeTarget "desafioMoviesTMDB" */;
			buildPhases = (
				134E519F273B06CC00F1212A /* Sources */,
				134E51A0273B06CC00F1212A /* Frameworks */,
				134E51A1273B06CC00F1212A /* Resources */,
			);
			buildRules = (
			);
			dependencies = (
			);
			name = desafioMoviesTMDB;
			productName = desafioMoviesTMDB;
			productReference = 134E51A3273B06CC00F1212A /* desafioMoviesTMDB.app */;
			productType = "com.apple.product-type.application";
		};
/* End PBXNativeTarget section */

/* Begin PBXProject section */
		134E519B273B06CC00F1212A /* Project object */ = {
			isa = PBXProject;
			attributes = {
				BuildIndependentTargetsInParallel = 1;
				LastSwiftUpdateCheck = 1300;
				LastUpgradeCheck = 1300;
				TargetAttributes = {
					134E51A2273B06CC00F1212A = {
						CreatedOnToolsVersion = 13.0;
					};
				};
			};
			buildConfigurationList = 134E519E273B06CC00F1212A /* Build configuration list for PBXProject "desafioMoviesTMDB" */;
			compatibilityVersion = "Xcode 13.0";
			developmentRegion = en;
			hasScannedForEncodings = 0;
			knownRegions = (
				en,
				Base,
			);
			mainGroup = 134E519A273B06CC00F1212A;
			productRefGroup = 134E51A4273B06CC00F1212A /* Products */;
			projectDirPath = "";
			projectRoot = "";
			targets = (
				134E51A2273B06CC00F1212A /* desafioMoviesTMDB */,
			);
		};
/* End PBXProject section */

/* Begin PBXResourcesBuildPhase section */
		134E51A1273B06CC00F1212A /* Resources */ = {
			isa = PBXResourcesBuildPhase;
			buildActionMask = 2147483647;
			files = (
				134E51AE273B06D800F1212A /* Preview Assets.xcassets in Resources */,
				134E51AB273B06D800F1212A /* Assets.xcassets in Resources */,
			);
			runOnlyForDeploymentPostprocessing = 0;
		};
/* End PBXResourcesBuildPhase section */

/* Begin PBXSourcesBuildPhase section */
		134E519F273B06CC00F1212A /* Sources */ = {
			isa = PBXSourcesBuildPhase;
			buildActionMask = 2147483647;
			files = (
				134E51DB273B106800F1212A /* AddListButtonView.swift in Sources */,
				132D3AF1273B54CB00E7E492 /* AboutTheMovieView.swift in Sources */,
				132D3AEE273B50C600E7E492 /* BackButtonView.swift in Sources */,
				13FFC3F3273BE95E00CBA4E2 /* MoviesListView.swift in Sources */,
				13FFC3EF273BD67A00CBA4E2 /* WatchedView.swift in Sources */,
				13FFC3F7273BEFC200CBA4E2 /* PosterView.swift in Sources */,
				134E51A9273B06CC00F1212A /* MainView.swift in Sources */,
				13FFC402273C162000CBA4E2 /* APIMoviesList.swift in Sources */,
				134E51D7273B0B2B00F1212A /* MoviePosterView.swift in Sources */,
				132D3AF4273B626400E7E492 /* TitleView.swift in Sources */,
				13FFC411273C8B9B00CBA4E2 /* APIKey.swift in Sources */,
				13FFC3FC273BF2E000CBA4E2 /* ReleaseYearAndGenreView.swift in Sources */,
				13FFC40F273C435300CBA4E2 /* ShadowView.swift in Sources */,
				13EEBECC273DEC9E00302A83 /* ProgressViewScreen.swift in Sources */,
				13FFC3ED273BD63300CBA4E2 /* LikesView.swift in Sources */,
				13FFC400273C15F400CBA4E2 /* APIMovieDetails.swift in Sources */,
				134E51A7273B06CC00F1212A /* desafioMoviesTMDBApp.swift in Sources */,
				132D3AEC273B4F2200E7E492 /* FootnoteView.swift in Sources */,
				134E51D9273B0E0900F1212A /* LikeButtonView.swift in Sources */,
				13FFC406273C16F700CBA4E2 /* MovieListItemModel.swift in Sources */,
				132D3AF6273B62E000E7E492 /* HeartButtonView.swift in Sources */,
				13FFC408273C17D600CBA4E2 /* MovieListModel.swift in Sources */,
				13FFC40A273C19C000CBA4E2 /* MovieViewModel.swift in Sources */,
				13FFC404273C166D00CBA4E2 /* MovieDetailsModel.swift in Sources */,
				13FFC3FA273BF24000CBA4E2 /* MovieTitleView.swift in Sources */,
			);
			runOnlyForDeploymentPostprocessing = 0;
		};
/* End PBXSourcesBuildPhase section */

/* Begin XCBuildConfiguration section */
		134E51C5273B06D900F1212A /* Debug */ = {
			isa = XCBuildConfiguration;
			buildSettings = {
				ALWAYS_SEARCH_USER_PATHS = NO;
				CLANG_ANALYZER_NONNULL = YES;
				CLANG_ANALYZER_NUMBER_OBJECT_CONVERSION = YES_AGGRESSIVE;
				CLANG_CXX_LANGUAGE_STANDARD = "gnu++17";
				CLANG_CXX_LIBRARY = "libc++";
				CLANG_ENABLE_MODULES = YES;
				CLANG_ENABLE_OBJC_ARC = YES;
				CLANG_ENABLE_OBJC_WEAK = YES;
				CLANG_WARN_BLOCK_CAPTURE_AUTORELEASING = YES;
				CLANG_WARN_BOOL_CONVERSION = YES;
				CLANG_WARN_COMMA = YES;
				CLANG_WARN_CONSTANT_CONVERSION = YES;
				CLANG_WARN_DEPRECATED_OBJC_IMPLEMENTATIONS = YES;
				CLANG_WARN_DIRECT_OBJC_ISA_USAGE = YES_ERROR;
				CLANG_WARN_DOCUMENTATION_COMMENTS = YES;
				CLANG_WARN_EMPTY_BODY = YES;
				CLANG_WARN_ENUM_CONVERSION = YES;
				CLANG_WARN_INFINITE_RECURSION = YES;
				CLANG_WARN_INT_CONVERSION = YES;
				CLANG_WARN_NON_LITERAL_NULL_CONVERSION = YES;
				CLANG_WARN_OBJC_IMPLICIT_RETAIN_SELF = YES;
				CLANG_WARN_OBJC_LITERAL_CONVERSION = YES;
				CLANG_WARN_OBJC_ROOT_CLASS = YES_ERROR;
				CLANG_WARN_QUOTED_INCLUDE_IN_FRAMEWORK_HEADER = YES;
				CLANG_WARN_RANGE_LOOP_ANALYSIS = YES;
				CLANG_WARN_STRICT_PROTOTYPES = YES;
				CLANG_WARN_SUSPICIOUS_MOVE = YES;
				CLANG_WARN_UNGUARDED_AVAILABILITY = YES_AGGRESSIVE;
				CLANG_WARN_UNREACHABLE_CODE = YES;
				CLANG_WARN__DUPLICATE_METHOD_MATCH = YES;
				COPY_PHASE_STRIP = NO;
				DEBUG_INFORMATION_FORMAT = dwarf;
				ENABLE_STRICT_OBJC_MSGSEND = YES;
				ENABLE_TESTABILITY = YES;
				GCC_C_LANGUAGE_STANDARD = gnu11;
				GCC_DYNAMIC_NO_PIC = NO;
				GCC_NO_COMMON_BLOCKS = YES;
				GCC_OPTIMIZATION_LEVEL = 0;
				GCC_PREPROCESSOR_DEFINITIONS = (
					"DEBUG=1",
					"$(inherited)",
				);
				GCC_WARN_64_TO_32_BIT_CONVERSION = YES;
				GCC_WARN_ABOUT_RETURN_TYPE = YES_ERROR;
				GCC_WARN_UNDECLARED_SELECTOR = YES;
				GCC_WARN_UNINITIALIZED_AUTOS = YES_AGGRESSIVE;
				GCC_WARN_UNUSED_FUNCTION = YES;
				GCC_WARN_UNUSED_VARIABLE = YES;
				IPHONEOS_DEPLOYMENT_TARGET = 15.0;
				MTL_ENABLE_DEBUG_INFO = INCLUDE_SOURCE;
				MTL_FAST_MATH = YES;
				ONLY_ACTIVE_ARCH = YES;
				SDKROOT = iphoneos;
				SWIFT_ACTIVE_COMPILATION_CONDITIONS = DEBUG;
				SWIFT_OPTIMIZATION_LEVEL = "-Onone";
			};
			name = Debug;
		};
		134E51C6273B06D900F1212A /* Release */ = {
			isa = XCBuildConfiguration;
			buildSettings = {
				ALWAYS_SEARCH_USER_PATHS = NO;
				CLANG_ANALYZER_NONNULL = YES;
				CLANG_ANALYZER_NUMBER_OBJECT_CONVERSION = YES_AGGRESSIVE;
				CLANG_CXX_LANGUAGE_STANDARD = "gnu++17";
				CLANG_CXX_LIBRARY = "libc++";
				CLANG_ENABLE_MODULES = YES;
				CLANG_ENABLE_OBJC_ARC = YES;
				CLANG_ENABLE_OBJC_WEAK = YES;
				CLANG_WARN_BLOCK_CAPTURE_AUTORELEASING = YES;
				CLANG_WARN_BOOL_CONVERSION = YES;
				CLANG_WARN_COMMA = YES;
				CLANG_WARN_CONSTANT_CONVERSION = YES;
				CLANG_WARN_DEPRECATED_OBJC_IMPLEMENTATIONS = YES;
				CLANG_WARN_DIRECT_OBJC_ISA_USAGE = YES_ERROR;
				CLANG_WARN_DOCUMENTATION_COMMENTS = YES;
				CLANG_WARN_EMPTY_BODY = YES;
				CLANG_WARN_ENUM_CONVERSION = YES;
				CLANG_WARN_INFINITE_RECURSION = YES;
				CLANG_WARN_INT_CONVERSION = YES;
				CLANG_WARN_NON_LITERAL_NULL_CONVERSION = YES;
				CLANG_WARN_OBJC_IMPLICIT_RETAIN_SELF = YES;
				CLANG_WARN_OBJC_LITERAL_CONVERSION = YES;
				CLANG_WARN_OBJC_ROOT_CLASS = YES_ERROR;
				CLANG_WARN_QUOTED_INCLUDE_IN_FRAMEWORK_HEADER = YES;
				CLANG_WARN_RANGE_LOOP_ANALYSIS = YES;
				CLANG_WARN_STRICT_PROTOTYPES = YES;
				CLANG_WARN_SUSPICIOUS_MOVE = YES;
				CLANG_WARN_UNGUARDED_AVAILABILITY = YES_AGGRESSIVE;
				CLANG_WARN_UNREACHABLE_CODE = YES;
				CLANG_WARN__DUPLICATE_METHOD_MATCH = YES;
				COPY_PHASE_STRIP = NO;
				DEBUG_INFORMATION_FORMAT = "dwarf-with-dsym";
				ENABLE_NS_ASSERTIONS = NO;
				ENABLE_STRICT_OBJC_MSGSEND = YES;
				GCC_C_LANGUAGE_STANDARD = gnu11;
				GCC_NO_COMMON_BLOCKS = YES;
				GCC_WARN_64_TO_32_BIT_CONVERSION = YES;
				GCC_WARN_ABOUT_RETURN_TYPE = YES_ERROR;
				GCC_WARN_UNDECLARED_SELECTOR = YES;
				GCC_WARN_UNINITIALIZED_AUTOS = YES_AGGRESSIVE;
				GCC_WARN_UNUSED_FUNCTION = YES;
				GCC_WARN_UNUSED_VARIABLE = YES;
				IPHONEOS_DEPLOYMENT_TARGET = 15.0;
				MTL_ENABLE_DEBUG_INFO = NO;
				MTL_FAST_MATH = YES;
				SDKROOT = iphoneos;
				SWIFT_COMPILATION_MODE = wholemodule;
				SWIFT_OPTIMIZATION_LEVEL = "-O";
				VALIDATE_PRODUCT = YES;
			};
			name = Release;
		};
		134E51C8273B06D900F1212A /* Debug */ = {
			isa = XCBuildConfiguration;
			buildSettings = {
				ASSETCATALOG_COMPILER_APPICON_NAME = AppIcon;
				ASSETCATALOG_COMPILER_GLOBAL_ACCENT_COLOR_NAME = AccentColor;
				CODE_SIGN_STYLE = Automatic;
				CURRENT_PROJECT_VERSION = 1;
				DEVELOPMENT_ASSET_PATHS = "";
				DEVELOPMENT_TEAM = SKJ95W6TPQ;
				ENABLE_PREVIEWS = YES;
				GENERATE_INFOPLIST_FILE = YES;
				INFOPLIST_KEY_UIApplicationSceneManifest_Generation = YES;
				INFOPLIST_KEY_UIApplicationSupportsIndirectInputEvents = YES;
				INFOPLIST_KEY_UILaunchScreen_Generation = YES;
				INFOPLIST_KEY_UISupportedInterfaceOrientations_iPad = "UIInterfaceOrientationPortrait UIInterfaceOrientationPortraitUpsideDown UIInterfaceOrientationLandscapeLeft UIInterfaceOrientationLandscapeRight";
				INFOPLIST_KEY_UISupportedInterfaceOrientations_iPhone = "UIInterfaceOrientationPortrait UIInterfaceOrientationLandscapeLeft UIInterfaceOrientationLandscapeRight";
				IPHONEOS_DEPLOYMENT_TARGET = 14.0;
				LD_RUNPATH_SEARCH_PATHS = (
					"$(inherited)",
					"@executable_path/Frameworks",
				);
				MARKETING_VERSION = 1.0;
				PRODUCT_BUNDLE_IDENTIFIER = com.diego.llopis.desafioMoviesTMDB;
				PRODUCT_NAME = "$(TARGET_NAME)";
				SWIFT_EMIT_LOC_STRINGS = YES;
				SWIFT_VERSION = 5.0;
				TARGETED_DEVICE_FAMILY = "1,2";
			};
			name = Debug;
		};
		134E51C9273B06D900F1212A /* Release */ = {
			isa = XCBuildConfiguration;
			buildSettings = {
				ASSETCATALOG_COMPILER_APPICON_NAME = AppIcon;
				ASSETCATALOG_COMPILER_GLOBAL_ACCENT_COLOR_NAME = AccentColor;
				CODE_SIGN_STYLE = Automatic;
				CURRENT_PROJECT_VERSION = 1;
				DEVELOPMENT_ASSET_PATHS = "";
				DEVELOPMENT_TEAM = SKJ95W6TPQ;
				ENABLE_PREVIEWS = YES;
				GENERATE_INFOPLIST_FILE = YES;
				INFOPLIST_KEY_UIApplicationSceneManifest_Generation = YES;
				INFOPLIST_KEY_UIApplicationSupportsIndirectInputEvents = YES;
				INFOPLIST_KEY_UILaunchScreen_Generation = YES;
				INFOPLIST_KEY_UISupportedInterfaceOrientations_iPad = "UIInterfaceOrientationPortrait UIInterfaceOrientationPortraitUpsideDown UIInterfaceOrientationLandscapeLeft UIInterfaceOrientationLandscapeRight";
				INFOPLIST_KEY_UISupportedInterfaceOrientations_iPhone = "UIInterfaceOrientationPortrait UIInterfaceOrientationLandscapeLeft UIInterfaceOrientationLandscapeRight";
				IPHONEOS_DEPLOYMENT_TARGET = 14.0;
				LD_RUNPATH_SEARCH_PATHS = (
					"$(inherited)",
					"@executable_path/Frameworks",
				);
				MARKETING_VERSION = 1.0;
				PRODUCT_BUNDLE_IDENTIFIER = com.diego.llopis.desafioMoviesTMDB;
				PRODUCT_NAME = "$(TARGET_NAME)";
				SWIFT_EMIT_LOC_STRINGS = YES;
				SWIFT_VERSION = 5.0;
				TARGETED_DEVICE_FAMILY = "1,2";
			};
			name = Release;
		};
/* End XCBuildConfiguration section */

/* Begin XCConfigurationList section */
		134E519E273B06CC00F1212A /* Build configuration list for PBXProject "desafioMoviesTMDB" */ = {
			isa = XCConfigurationList;
			buildConfigurations = (
				134E51C5273B06D900F1212A /* Debug */,
				134E51C6273B06D900F1212A /* Release */,
			);
			defaultConfigurationIsVisible = 0;
			defaultConfigurationName = Release;
		};
		134E51C7273B06D900F1212A /* Build configuration list for PBXNativeTarget "desafioMoviesTMDB" */ = {
			isa = XCConfigurationList;
			buildConfigurations = (
				134E51C8273B06D900F1212A /* Debug */,
				134E51C9273B06D900F1212A /* Release */,
			);
			defaultConfigurationIsVisible = 0;
			defaultConfigurationName = Release;
		};
/* End XCConfigurationList section */
	};
	rootObject = 134E519B273B06CC00F1212A /* Project object */;
}
